
Microsoft Visual Studio Solution File, Format Version 12.00
# Visual Studio Version 17
VisualStudioVersion = 17.0.31903.59
MinimumVisualStudioVersion = 10.0.40219.1
Project("{FAE04EC0-301F-11D3-BF4B-00C04F79EFBC}") = "RaffleGenerator.Api", "RaffleGenerator.Api\RaffleGenerator.Api.csproj", "{B99880A8-A38C-413D-BA89-B26BF2F1A2A7}"
EndProject
Project("{FAE04EC0-301F-11D3-BF4B-00C04F79EFBC}") = "LoginServiceManager", "LoginServiceManager\LoginServiceManager.csproj", "{301F2931-9067-4F9C-A1F3-3FE8C7A42B93}"
EndProject
Project("{FAE04EC0-301F-11D3-BF4B-00C04F79EFBC}") = "LoginValidator.Api", "LoginValidator.Api\LoginValidator.Api.csproj", "{4EB3AAA9-BDE0-415A-A974-B5AF08C74B52}"
EndProject
Project("{FAE04EC0-301F-11D3-BF4B-00C04F79EFBC}") = "RaffleServicesProvider", "RaffleServicesProvider\RaffleServicesProvider.csproj", "{F4D6B44A-83DC-4121-AF15-58C58AF9ABD9}"
EndProject
Project("{FAE04EC0-301F-11D3-BF4B-00C04F79EFBC}") = "DbServicesProvider", "DbServicesProvider\DbServicesProvider.csproj", "{6ACED421-04C7-4C02-BC44-4165ADA4E4CF}"
EndProject
Project("{FAE04EC0-301F-11D3-BF4B-00C04F79EFBC}") = "ConnectionManager", "ConnectionManager\ConnectionManager.csproj", "{EDE850CB-BB3F-4CF6-AFA4-C9287EFEAC42}"
EndProject
Project("{FAE04EC0-301F-11D3-BF4B-00C04F79EFBC}") = "WorkerService", "WorkerService\WorkerService.csproj", "{2803C871-D90E-4CE3-9018-8FB206421F0A}"
EndProject
Project("{FAE04EC0-301F-11D3-BF4B-00C04F79EFBC}") = "Raffle.Api", "Raffle.Api\Raffle.Api.csproj", "{37F6BDEE-9311-4F3B-B283-802B4F717558}"
EndProject
Global
	GlobalSection(SolutionConfigurationPlatforms) = preSolution
		Debug|Any CPU = Debug|Any CPU
		Debug|x64 = Debug|x64
		Debug|x86 = Debug|x86
		Release|Any CPU = Release|Any CPU
		Release|x64 = Release|x64
		Release|x86 = Release|x86
	EndGlobalSection
	GlobalSection(ProjectConfigurationPlatforms) = postSolution
		{B99880A8-A38C-413D-BA89-B26BF2F1A2A7}.Debug|Any CPU.ActiveCfg = Debug|Any CPU
		{B99880A8-A38C-413D-BA89-B26BF2F1A2A7}.Debug|Any CPU.Build.0 = Debug|Any CPU
		{B99880A8-A38C-413D-BA89-B26BF2F1A2A7}.Debug|x64.ActiveCfg = Debug|Any CPU
		{B99880A8-A38C-413D-BA89-B26BF2F1A2A7}.Debug|x64.Build.0 = Debug|Any CPU
		{B99880A8-A38C-413D-BA89-B26BF2F1A2A7}.Debug|x86.ActiveCfg = Debug|Any CPU
		{B99880A8-A38C-413D-BA89-B26BF2F1A2A7}.Debug|x86.Build.0 = Debug|Any CPU
		{B99880A8-A38C-413D-BA89-B26BF2F1A2A7}.Release|Any CPU.ActiveCfg = Release|Any CPU
		{B99880A8-A38C-413D-BA89-B26BF2F1A2A7}.Release|Any CPU.Build.0 = Release|Any CPU
		{B99880A8-A38C-413D-BA89-B26BF2F1A2A7}.Release|x64.ActiveCfg = Release|Any CPU
		{B99880A8-A38C-413D-BA89-B26BF2F1A2A7}.Release|x64.Build.0 = Release|Any CPU
		{B99880A8-A38C-413D-BA89-B26BF2F1A2A7}.Release|x86.ActiveCfg = Release|Any CPU
		{B99880A8-A38C-413D-BA89-B26BF2F1A2A7}.Release|x86.Build.0 = Release|Any CPU
		{301F2931-9067-4F9C-A1F3-3FE8C7A42B93}.Debug|Any CPU.ActiveCfg = Debug|Any CPU
		{301F2931-9067-4F9C-A1F3-3FE8C7A42B93}.Debug|Any CPU.Build.0 = Debug|Any CPU
		{301F2931-9067-4F9C-A1F3-3FE8C7A42B93}.Debug|x64.ActiveCfg = Debug|Any CPU
		{301F2931-9067-4F9C-A1F3-3FE8C7A42B93}.Debug|x64.Build.0 = Debug|Any CPU
		{301F2931-9067-4F9C-A1F3-3FE8C7A42B93}.Debug|x86.ActiveCfg = Debug|Any CPU
		{301F2931-9067-4F9C-A1F3-3FE8C7A42B93}.Debug|x86.Build.0 = Debug|Any CPU
		{301F2931-9067-4F9C-A1F3-3FE8C7A42B93}.Release|Any CPU.ActiveCfg = Release|Any CPU
		{301F2931-9067-4F9C-A1F3-3FE8C7A42B93}.Release|Any CPU.Build.0 = Release|Any CPU
		{301F2931-9067-4F9C-A1F3-3FE8C7A42B93}.Release|x64.ActiveCfg = Release|Any CPU
		{301F2931-9067-4F9C-A1F3-3FE8C7A42B93}.Release|x64.Build.0 = Release|Any CPU
		{301F2931-9067-4F9C-A1F3-3FE8C7A42B93}.Release|x86.ActiveCfg = Release|Any CPU
		{301F2931-9067-4F9C-A1F3-3FE8C7A42B93}.Release|x86.Build.0 = Release|Any CPU
		{4EB3AAA9-BDE0-415A-A974-B5AF08C74B52}.Debug|Any CPU.ActiveCfg = Debug|Any CPU
		{4EB3AAA9-BDE0-415A-A974-B5AF08C74B52}.Debug|Any CPU.Build.0 = Debug|Any CPU
		{4EB3AAA9-BDE0-415A-A974-B5AF08C74B52}.Debug|x64.ActiveCfg = Debug|Any CPU
		{4EB3AAA9-BDE0-415A-A974-B5AF08C74B52}.Debug|x64.Build.0 = Debug|Any CPU
		{4EB3AAA9-BDE0-415A-A974-B5AF08C74B52}.Debug|x86.ActiveCfg = Debug|Any CPU
		{4EB3AAA9-BDE0-415A-A974-B5AF08C74B52}.Debug|x86.Build.0 = Debug|Any CPU
		{4EB3AAA9-BDE0-415A-A974-B5AF08C74B52}.Release|Any CPU.ActiveCfg = Release|Any CPU
		{4EB3AAA9-BDE0-415A-A974-B5AF08C74B52}.Release|Any CPU.Build.0 = Release|Any CPU
		{4EB3AAA9-BDE0-415A-A974-B5AF08C74B52}.Release|x64.ActiveCfg = Release|Any CPU
		{4EB3AAA9-BDE0-415A-A974-B5AF08C74B52}.Release|x64.Build.0 = Release|Any CPU
		{4EB3AAA9-BDE0-415A-A974-B5AF08C74B52}.Release|x86.ActiveCfg = Release|Any CPU
		{4EB3AAA9-BDE0-415A-A974-B5AF08C74B52}.Release|x86.Build.0 = Release|Any CPU
		{F4D6B44A-83DC-4121-AF15-58C58AF9ABD9}.Debug|Any CPU.ActiveCfg = Debug|Any CPU
		{F4D6B44A-83DC-4121-AF15-58C58AF9ABD9}.Debug|Any CPU.Build.0 = Debug|Any CPU
		{F4D6B44A-83DC-4121-AF15-58C58AF9ABD9}.Debug|x64.ActiveCfg = Debug|Any CPU
		{F4D6B44A-83DC-4121-AF15-58C58AF9ABD9}.Debug|x64.Build.0 = Debug|Any CPU
		{F4D6B44A-83DC-4121-AF15-58C58AF9ABD9}.Debug|x86.ActiveCfg = Debug|Any CPU
		{F4D6B44A-83DC-4121-AF15-58C58AF9ABD9}.Debug|x86.Build.0 = Debug|Any CPU
		{F4D6B44A-83DC-4121-AF15-58C58AF9ABD9}.Release|Any CPU.ActiveCfg = Release|Any CPU
		{F4D6B44A-83DC-4121-AF15-58C58AF9ABD9}.Release|Any CPU.Build.0 = Release|Any CPU
		{F4D6B44A-83DC-4121-AF15-58C58AF9ABD9}.Release|x64.ActiveCfg = Release|Any CPU
		{F4D6B44A-83DC-4121-AF15-58C58AF9ABD9}.Release|x64.Build.0 = Release|Any CPU
		{F4D6B44A-83DC-4121-AF15-58C58AF9ABD9}.Release|x86.ActiveCfg = Release|Any CPU
		{F4D6B44A-83DC-4121-AF15-58C58AF9ABD9}.Release|x86.Build.0 = Release|Any CPU
		{6ACED421-04C7-4C02-BC44-4165ADA4E4CF}.Debug|Any CPU.ActiveCfg = Debug|Any CPU
		{6ACED421-04C7-4C02-BC44-4165ADA4E4CF}.Debug|Any CPU.Build.0 = Debug|Any CPU
		{6ACED421-04C7-4C02-BC44-4165ADA4E4CF}.Debug|x64.ActiveCfg = Debug|Any CPU
		{6ACED421-04C7-4C02-BC44-4165ADA4E4CF}.Debug|x64.Build.0 = Debug|Any CPU
		{6ACED421-04C7-4C02-BC44-4165ADA4E4CF}.Debug|x86.ActiveCfg = Debug|Any CPU
		{6ACED421-04C7-4C02-BC44-4165ADA4E4CF}.Debug|x86.Build.0 = Debug|Any CPU
		{6ACED421-04C7-4C02-BC44-4165ADA4E4CF}.Release|Any CPU.ActiveCfg = Release|Any CPU
		{6ACED421-04C7-4C02-BC44-4165ADA4E4CF}.Release|Any CPU.Build.0 = Release|Any CPU
		{6ACED421-04C7-4C02-BC44-4165ADA4E4CF}.Release|x64.ActiveCfg = Release|Any CPU
		{6ACED421-04C7-4C02-BC44-4165ADA4E4CF}.Release|x64.Build.0 = Release|Any CPU
		{6ACED421-04C7-4C02-BC44-4165ADA4E4CF}.Release|x86.ActiveCfg = Release|Any CPU
		{6ACED421-04C7-4C02-BC44-4165ADA4E4CF}.Release|x86.Build.0 = Release|Any CPU
		{EDE850CB-BB3F-4CF6-AFA4-C9287EFEAC42}.Debug|Any CPU.ActiveCfg = Debug|Any CPU
		{EDE850CB-BB3F-4CF6-AFA4-C9287EFEAC42}.Debug|Any CPU.Build.0 = Debug|Any CPU
		{EDE850CB-BB3F-4CF6-AFA4-C9287EFEAC42}.Debug|x64.ActiveCfg = Debug|Any CPU
		{EDE850CB-BB3F-4CF6-AFA4-C9287EFEAC42}.Debug|x64.Build.0 = Debug|Any CPU
		{EDE850CB-BB3F-4CF6-AFA4-C9287EFEAC42}.Debug|x86.ActiveCfg = Debug|Any CPU
		{EDE850CB-BB3F-4CF6-AFA4-C9287EFEAC42}.Debug|x86.Build.0 = Debug|Any CPU
		{EDE850CB-BB3F-4CF6-AFA4-C9287EFEAC42}.Release|Any CPU.ActiveCfg = Release|Any CPU
		{EDE850CB-BB3F-4CF6-AFA4-C9287EFEAC42}.Release|Any CPU.Build.0 = Release|Any CPU
		{EDE850CB-BB3F-4CF6-AFA4-C9287EFEAC42}.Release|x64.ActiveCfg = Release|Any CPU
		{EDE850CB-BB3F-4CF6-AFA4-C9287EFEAC42}.Release|x64.Build.0 = Release|Any CPU
		{EDE850CB-BB3F-4CF6-AFA4-C9287EFEAC42}.Release|x86.ActiveCfg = Release|Any CPU
		{EDE850CB-BB3F-4CF6-AFA4-C9287EFEAC42}.Release|x86.Build.0 = Release|Any CPU
		{2803C871-D90E-4CE3-9018-8FB206421F0A}.Debug|Any CPU.ActiveCfg = Debug|Any CPU
		{2803C871-D90E-4CE3-9018-8FB206421F0A}.Debug|Any CPU.Build.0 = Debug|Any CPU
		{2803C871-D90E-4CE3-9018-8FB206421F0A}.Debug|x64.ActiveCfg = Debug|Any CPU
		{2803C871-D90E-4CE3-9018-8FB206421F0A}.Debug|x64.Build.0 = Debug|Any CPU
		{2803C871-D90E-4CE3-9018-8FB206421F0A}.Debug|x86.ActiveCfg = Debug|Any CPU
		{2803C871-D90E-4CE3-9018-8FB206421F0A}.Debug|x86.Build.0 = Debug|Any CPU
		{2803C871-D90E-4CE3-9018-8FB206421F0A}.Release|Any CPU.ActiveCfg = Release|Any CPU
		{2803C871-D90E-4CE3-9018-8FB206421F0A}.Release|Any CPU.Build.0 = Release|Any CPU
		{2803C871-D90E-4CE3-9018-8FB206421F0A}.Release|x64.ActiveCfg = Release|Any CPU
		{2803C871-D90E-4CE3-9018-8FB206421F0A}.Release|x64.Build.0 = Release|Any CPU
		{2803C871-D90E-4CE3-9018-8FB206421F0A}.Release|x86.ActiveCfg = Release|Any CPU
		{2803C871-D90E-4CE3-9018-8FB206421F0A}.Release|x86.Build.0 = Release|Any CPU
		{37F6BDEE-9311-4F3B-B283-802B4F717558}.Debug|Any CPU.ActiveCfg = Debug|Any CPU
		{37F6BDEE-9311-4F3B-B283-802B4F717558}.Debug|Any CPU.Build.0 = Debug|Any CPU
		{37F6BDEE-9311-4F3B-B283-802B4F717558}.Debug|x64.ActiveCfg = Debug|Any CPU
		{37F6BDEE-9311-4F3B-B283-802B4F717558}.Debug|x64.Build.0 = Debug|Any CPU
		{37F6BDEE-9311-4F3B-B283-802B4F717558}.Debug|x86.ActiveCfg = Debug|Any CPU
		{37F6BDEE-9311-4F3B-B283-802B4F717558}.Debug|x86.Build.0 = Debug|Any CPU
		{37F6BDEE-9311-4F3B-B283-802B4F717558}.Release|Any CPU.ActiveCfg = Release|Any CPU
		{37F6BDEE-9311-4F3B-B283-802B4F717558}.Release|Any CPU.Build.0 = Release|Any CPU
		{37F6BDEE-9311-4F3B-B283-802B4F717558}.Release|x64.ActiveCfg = Release|Any CPU
		{37F6BDEE-9311-4F3B-B283-802B4F717558}.Release|x64.Build.0 = Release|Any CPU
		{37F6BDEE-9311-4F3B-B283-802B4F717558}.Release|x86.ActiveCfg = Release|Any CPU
		{37F6BDEE-9311-4F3B-B283-802B4F717558}.Release|x86.Build.0 = Release|Any CPU
	EndGlobalSection
	GlobalSection(SolutionProperties) = preSolution
		HideSolutionNode = FALSE
	EndGlobalSection
	GlobalSection(ExtensibilityGlobals) = postSolution
		SolutionGuid = {FC1BD61D-4A9F-4E8E-9D60-4BBEF643774A}
	EndGlobalSection
EndGlobal
